
Microsoft Visual Studio Solution File, Format Version 12.00
# Visual Studio 15
VisualStudioVersion = 15.0.28307.168
MinimumVisualStudioVersion = 10.0.40219.1
Project("{FAE04EC0-301F-11D3-BF4B-00C04F79EFBC}") = "VEriOkuma", "VEriOkuma\VEriOkuma.csproj", "{BFA31D3D-DFB9-48CC-B593-6A3D03E73B26}"
EndProject
Global
	GlobalSection(SolutionConfigurationPlatforms) = preSolution
		Debug|Any CPU = Debug|Any CPU
		Release|Any CPU = Release|Any CPU
	EndGlobalSection
	GlobalSection(ProjectConfigurationPlatforms) = postSolution
		{BFA31D3D-DFB9-48CC-B593-6A3D03E73B26}.Debug|Any CPU.ActiveCfg = Debug|Any CPU
		{BFA31D3D-DFB9-48CC-B593-6A3D03E73B26}.Debug|Any CPU.Build.0 = Debug|Any CPU
		{BFA31D3D-DFB9-48CC-B593-6A3D03E73B26}.Release|Any CPU.ActiveCfg = Release|Any CPU
		{BFA31D3D-DFB9-48CC-B593-6A3D03E73B26}.Release|Any CPU.Build.0 = Release|Any CPU
	EndGlobalSection
	GlobalSection(SolutionProperties) = preSolution
		HideSolutionNode = FALSE
	EndGlobalSection
	GlobalSection(ExtensibilityGlobals) = postSolution
		SolutionGuid = {5C7F8D1C-C37C-4396-9048-72F4136F7667}
	EndGlobalSection
EndGlobal
